// !$*UTF8*$!
{
	archiveVersion = 1;
	classes = {
	};
	objectVersion = 46;
	objects = {

/* Begin PBXBuildFile section */
		04C689861AA98CDA00B1C66B /* AppDelegate.swift in Sources */ = {isa = PBXBuildFile; fileRef = 04C689851AA98CDA00B1C66B /* AppDelegate.swift */; };
		04C689881AA98CDA00B1C66B /* ViewController.swift in Sources */ = {isa = PBXBuildFile; fileRef = 04C689871AA98CDA00B1C66B /* ViewController.swift */; };
		04C6898B1AA98CDA00B1C66B /* Main.storyboard in Resources */ = {isa = PBXBuildFile; fileRef = 04C689891AA98CDA00B1C66B /* Main.storyboard */; };
		04C6898D1AA98CDA00B1C66B /* Images.xcassets in Resources */ = {isa = PBXBuildFile; fileRef = 04C6898C1AA98CDA00B1C66B /* Images.xcassets */; };
		04C689901AA98CDA00B1C66B /* LaunchScreen.xib in Resources */ = {isa = PBXBuildFile; fileRef = 04C6898E1AA98CDA00B1C66B /* LaunchScreen.xib */; };
		04C6899C1AA98CDA00B1C66B /* Traveling_ThailandTests.swift in Sources */ = {isa = PBXBuildFile; fileRef = 04C6899B1AA98CDA00B1C66B /* Traveling_ThailandTests.swift */; };
/* End PBXBuildFile section */

/* Begin PBXContainerItemProxy section */
		04C689961AA98CDA00B1C66B /* PBXContainerItemProxy */ = {
			isa = PBXContainerItemProxy;
			containerPortal = 04C689781AA98CDA00B1C66B /* Project object */;
			proxyType = 1;
			remoteGlobalIDString = 04C6897F1AA98CDA00B1C66B;
			remoteInfo = "Traveling Thailand";
		};
/* End PBXContainerItemProxy section */

/* Begin PBXFileReference section */
		04C689801AA98CDA00B1C66B /* Traveling Thailand.app */ = {isa = PBXFileReference; explicitFileType = wrapper.application; includeInIndex = 0; path = "Traveling Thailand.app"; sourceTree = BUILT_PRODUCTS_DIR; };
		04C689841AA98CDA00B1C66B /* Info.plist */ = {isa = PBXFileReference; lastKnownFileType = text.plist.xml; path = Info.plist; sourceTree = "<group>"; };
		04C689851AA98CDA00B1C66B /* AppDelegate.swift */ = {isa = PBXFileReference; lastKnownFileType = sourcecode.swift; path = AppDelegate.swift; sourceTree = "<group>"; };
		04C689871AA98CDA00B1C66B /* ViewController.swift */ = {isa = PBXFileReference; lastKnownFileType = sourcecode.swift; path = ViewController.swift; sourceTree = "<group>"; };
		04C6898A1AA98CDA00B1C66B /* Base */ = {isa = PBXFileReference; lastKnownFileType = file.storyboard; name = Base; path = Base.lproj/Main.storyboard; sourceTree = "<group>"; };
		04C6898C1AA98CDA00B1C66B /* Images.xcassets */ = {isa = PBXFileReference; lastKnownFileType = folder.assetcatalog; path = Images.xcassets; sourceTree = "<group>"; };
		04C6898F1AA98CDA00B1C66B /* Base */ = {isa = PBXFileReference; lastKnownFileType = file.xib; name = Base; path = Base.lproj/LaunchScreen.xib; sourceTree = "<group>"; };
		04C689951AA98CDA00B1C66B /* Traveling ThailandTests.xctest */ = {isa = PBXFileReference; explicitFileType = wrapper.cfbundle; includeInIndex = 0; path = "Traveling ThailandTests.xctest"; sourceTree = BUILT_PRODUCTS_DIR; };
		04C6899A1AA98CDA00B1C66B /* Info.plist */ = {isa = PBXFileReference; lastKnownFileType = text.plist.xml; path = Info.plist; sourceTree = "<group>"; };
		04C6899B1AA98CDA00B1C66B /* Traveling_ThailandTests.swift */ = {isa = PBXFileReference; lastKnownFileType = sourcecode.swift; path = Traveling_ThailandTests.swift; sourceTree = "<group>"; };
/* End PBXFileReference section */

/* Begin PBXFrameworksBuildPhase section */
		04C6897D1AA98CDA00B1C66B /* Frameworks */ = {
			isa = PBXFrameworksBuildPhase;
			buildActionMask = 2147483647;
			files = (
			);
			runOnlyForDeploymentPostprocessing = 0;
		};
		04C689921AA98CDA00B1C66B /* Frameworks */ = {
			isa = PBXFrameworksBuildPhase;
			buildActionMask = 2147483647;
			files = (
			);
			runOnlyForDeploymentPostprocessing = 0;
		};
/* End PBXFrameworksBuildPhase section */

/* Begin PBXGroup section */
		04C689771AA98CDA00B1C66B = {
			isa = PBXGroup;
			children = (
				04C689821AA98CDA00B1C66B /* Traveling Thailand */,
				04C689981AA98CDA00B1C66B /* Traveling ThailandTests */,
				04C689811AA98CDA00B1C66B /* Products */,
			);
			sourceTree = "<group>";
		};
		04C689811AA98CDA00B1C66B /* Products */ = {
			isa = PBXGroup;
			children = (
				04C689801AA98CDA00B1C66B /* Traveling Thailand.app */,
				04C689951AA98CDA00B1C66B /* Traveling ThailandTests.xctest */,
			);
			name = Products;
			sourceTree = "<group>";
		};
		04C689821AA98CDA00B1C66B /* Traveling Thailand */ = {
			isa = PBXGroup;
			children = (
				04C689851AA98CDA00B1C66B /* AppDelegate.swift */,
				04C689871AA98CDA00B1C66B /* ViewController.swift */,
				04C689891AA98CDA00B1C66B /* Main.storyboard */,
				04C6898C1AA98CDA00B1C66B /* Images.xcassets */,
				04C6898E1AA98CDA00B1C66B /* LaunchScreen.xib */,
				04C689831AA98CDA00B1C66B /* Supporting Files */,
			);
			path = "Traveling Thailand";
			sourceTree = "<group>";
		};
		04C689831AA98CDA00B1C66B /* Supporting Files */ = {
			isa = PBXGroup;
			children = (
				04C689841AA98CDA00B1C66B /* Info.plist */,
			);
			name = "Supporting Files";
			sourceTree = "<group>";
		};
		04C689981AA98CDA00B1C66B /* Traveling ThailandTests */ = {
			isa = PBXGroup;
			children = (
				04C6899B1AA98CDA00B1C66B /* Traveling_ThailandTests.swift */,
				04C689991AA98CDA00B1C66B /* Supporting Files */,
			);
			path = "Traveling ThailandTests";
			sourceTree = "<group>";
		};
		04C689991AA98CDA00B1C66B /* Supporting Files */ = {
			isa = PBXGroup;
			children = (
				04C6899A1AA98CDA00B1C66B /* Info.plist */,
			);
			name = "Supporting Files";
			sourceTree = "<group>";
		};
/* End PBXGroup section */

/* Begin PBXNativeTarget section */
		04C6897F1AA98CDA00B1C66B /* Traveling Thailand */ = {
			isa = PBXNativeTarget;
			buildConfigurationList = 04C6899F1AA98CDA00B1C66B /* Build configuration list for PBXNativeTarget "Traveling Thailand" */;
			buildPhases = (
				04C6897C1AA98CDA00B1C66B /* Sources */,
				04C6897D1AA98CDA00B1C66B /* Frameworks */,
				04C6897E1AA98CDA00B1C66B /* Resources */,
			);
			buildRules = (
			);
			dependencies = (
			);
			name = "Traveling Thailand";
			productName = "Traveling Thailand";
			productReference = 04C689801AA98CDA00B1C66B /* Traveling Thailand.app */;
			productType = "com.apple.product-type.application";
		};
		04C689941AA98CDA00B1C66B /* Traveling ThailandTests */ = {
			isa = PBXNativeTarget;
			buildConfigurationList = 04C689A21AA98CDA00B1C66B /* Build configuration list for PBXNativeTarget "Traveling ThailandTests" */;
			buildPhases = (
				04C689911AA98CDA00B1C66B /* Sources */,
				04C689921AA98CDA00B1C66B /* Frameworks */,
				04C689931AA98CDA00B1C66B /* Resources */,
			);
			buildRules = (
			);
			dependencies = (
				04C689971AA98CDA00B1C66B /* PBXTargetDependency */,
			);
			name = "Traveling ThailandTests";
			productName = "Traveling ThailandTests";
			productReference = 04C689951AA98CDA00B1C66B /* Traveling ThailandTests.xctest */;
			productType = "com.apple.product-type.bundle.unit-test";
		};
/* End PBXNativeTarget section */

/* Begin PBXProject section */
		04C689781AA98CDA00B1C66B /* Project object */ = {
			isa = PBXProject;
			attributes = {
				LastUpgradeCheck = 0610;
				ORGANIZATIONNAME = MUIDS;
				TargetAttributes = {
					04C6897F1AA98CDA00B1C66B = {
						CreatedOnToolsVersion = 6.1.1;
					};
					04C689941AA98CDA00B1C66B = {
						CreatedOnToolsVersion = 6.1.1;
						TestTargetID = 04C6897F1AA98CDA00B1C66B;
					};
				};
			};
			buildConfigurationList = 04C6897B1AA98CDA00B1C66B /* Build configuration list for PBXProject "Traveling Thailand" */;
			compatibilityVersion = "Xcode 3.2";
			developmentRegion = English;
			hasScannedForEncodings = 0;
			knownRegions = (
				en,
				Base,
			);
			mainGroup = 04C689771AA98CDA00B1C66B;
			productRefGroup = 04C689811AA98CDA00B1C66B /* Products */;
			projectDirPath = "";
			projectRoot = "";
			targets = (
				04C6897F1AA98CDA00B1C66B /* Traveling Thailand */,
				04C689941AA98CDA00B1C66B /* Traveling ThailandTests */,
			);
		};
/* End PBXProject section */

/* Begin PBXResourcesBuildPhase section */
		04C6897E1AA98CDA00B1C66B /* Resources */ = {
			isa = PBXResourcesBuildPhase;
			buildActionMask = 2147483647;
			files = (
				04C6898B1AA98CDA00B1C66B /* Main.storyboard in Resources */,
				04C689901AA98CDA00B1C66B /* LaunchScreen.xib in Resources */,
				04C6898D1AA98CDA00B1C66B /* Images.xcassets in Resources */,
			);
			runOnlyForDeploymentPostprocessing = 0;
		};
		04C689931AA98CDA00B1C66B /* Resources */ = {
			isa = PBXResourcesBuildPhase;
			buildActionMask = 2147483647;
			files = (
			);
			runOnlyForDeploymentPostprocessing = 0;
		};
/* End PBXResourcesBuildPhase section */

/* Begin PBXSourcesBuildPhase section */
		04C6897C1AA98CDA00B1C66B /* Sources */ = {
			isa = PBXSourcesBuildPhase;
			buildActionMask = 2147483647;
			files = (
				04C689881AA98CDA00B1C66B /* ViewController.swift in Sources */,
				04C689861AA98CDA00B1C66B /* AppDelegate.swift in Sources */,
			);
			runOnlyForDeploymentPostprocessing = 0;
		};
		04C689911AA98CDA00B1C66B /* Sources */ = {
			isa = PBXSourcesBuildPhase;
			buildActionMask = 2147483647;
			files = (
				04C6899C1AA98CDA00B1C66B /* Traveling_ThailandTests.swift in Sources */,
			);
			runOnlyForDeploymentPostprocessing = 0;
		};
/* End PBXSourcesBuildPhase section */

/* Begin PBXTargetDependency section */
		04C689971AA98CDA00B1C66B /* PBXTargetDependency */ = {
			isa = PBXTargetDependency;
			target = 04C6897F1AA98CDA00B1C66B /* Traveling Thailand */;
			targetProxy = 04C689961AA98CDA00B1C66B /* PBXContainerItemProxy */;
		};
/* End PBXTargetDependency section */

/* Begin PBXVariantGroup section */
		04C689891AA98CDA00B1C66B /* Main.storyboard */ = {
			isa = PBXVariantGroup;
			children = (
				04C6898A1AA98CDA00B1C66B /* Base */,
			);
			name = Main.storyboard;
			sourceTree = "<group>";
		};
		04C6898E1AA98CDA00B1C66B /* LaunchScreen.xib */ = {
			isa = PBXVariantGroup;
			children = (
				04C6898F1AA98CDA00B1C66B /* Base */,
			);
			name = LaunchScreen.xib;
			sourceTree = "<group>";
		};
/* End PBXVariantGroup section */

/* Begin XCBuildConfiguration section */
		04C6899D1AA98CDA00B1C66B /* Debug */ = {
			isa = XCBuildConfiguration;
			buildSettings = {
				ALWAYS_SEARCH_USER_PATHS = NO;
				CLANG_CXX_LANGUAGE_STANDARD = "gnu++0x";
				CLANG_CXX_LIBRARY = "libc++";
				CLANG_ENABLE_MODULES = YES;
				CLANG_ENABLE_OBJC_ARC = YES;
				CLANG_WARN_BOOL_CONVERSION = YES;
				CLANG_WARN_CONSTANT_CONVERSION = YES;
				CLANG_WARN_DIRECT_OBJC_ISA_USAGE = YES_ERROR;
				CLANG_WARN_EMPTY_BODY = YES;
				CLANG_WARN_ENUM_CONVERSION = YES;
				CLANG_WARN_INT_CONVERSION = YES;
				CLANG_WARN_OBJC_ROOT_CLASS = YES_ERROR;
				CLANG_WARN_UNREACHABLE_CODE = YES;
				CLANG_WARN__DUPLICATE_METHOD_MATCH = YES;
				"CODE_SIGN_IDENTITY[sdk=iphoneos*]" = "iPhone Developer";
				COPY_PHASE_STRIP = NO;
				ENABLE_STRICT_OBJC_MSGSEND = YES;
				GCC_C_LANGUAGE_STANDARD = gnu99;
				GCC_DYNAMIC_NO_PIC = NO;
				GCC_OPTIMIZATION_LEVEL = 0;
				GCC_PREPROCESSOR_DEFINITIONS = (
					"DEBUG=1",
					"$(inherited)",
				);
				GCC_SYMBOLS_PRIVATE_EXTERN = NO;
				GCC_WARN_64_TO_32_BIT_CONVERSION = YES;
				GCC_WARN_ABOUT_RETURN_TYPE = YES_ERROR;
				GCC_WARN_UNDECLARED_SELECTOR = YES;
				GCC_WARN_UNINITIALIZED_AUTOS = YES_AGGRESSIVE;
				GCC_WARN_UNUSED_FUNCTION = YES;
				GCC_WARN_UNUSED_VARIABLE = YES;
				IPHONEOS_DEPLOYMENT_TARGET = 8.1;
				MTL_ENABLE_DEBUG_INFO = YES;
				ONLY_ACTIVE_ARCH = YES;
				SDKROOT = iphoneos;
				SWIFT_OPTIMIZATION_LEVEL = "-Onone";
			};
			name = Debug;
		};
		04C6899E1AA98CDA00B1C66B /* Release */ = {
			isa = XCBuildConfiguration;
			buildSettings = {
				ALWAYS_SEARCH_USER_PATHS = NO;
				CLANG_CXX_LANGUAGE_STANDARD = "gnu++0x";
				CLANG_CXX_LIBRARY = "libc++";
				CLANG_ENABLE_MODULES = YES;
				CLANG_ENABLE_OBJC_ARC = YES;
				CLANG_WARN_BOOL_CONVERSION = YES;
				CLANG_WARN_CONSTANT_CONVERSION = YES;
				CLANG_WARN_DIRECT_OBJC_ISA_USAGE = YES_ERROR;
				CLANG_WARN_EMPTY_BODY = YES;
				CLANG_WARN_ENUM_CONVERSION = YES;
				CLANG_WARN_INT_CONVERSION = YES;
				CLANG_WARN_OBJC_ROOT_CLASS = YES_ERROR;
				CLANG_WARN_UNREACHABLE_CODE = YES;
				CLANG_WARN__DUPLICATE_METHOD_MATCH = YES;
				"CODE_SIGN_IDENTITY[sdk=iphoneos*]" = "iPhone Developer";
				COPY_PHASE_STRIP = YES;
				ENABLE_NS_ASSERTIONS = NO;
				ENABLE_STRICT_OBJC_MSGSEND = YES;
				GCC_C_LANGUAGE_STANDARD = gnu99;
				GCC_WARN_64_TO_32_BIT_CONVERSION = YES;
				GCC_WARN_ABOUT_RETURN_TYPE = YES_ERROR;
				GCC_WARN_UNDECLARED_SELECTOR = YES;
				GCC_WARN_UNINITIALIZED_AUTOS = YES_AGGRESSIVE;
				GCC_WARN_UNUSED_FUNCTION = YES;
				GCC_WARN_UNUSED_VARIABLE = YES;
				IPHONEOS_DEPLOYMENT_TARGET = 8.1;
				MTL_ENABLE_DEBUG_INFO = NO;
				SDKROOT = iphoneos;
				VALIDATE_PRODUCT = YES;
			};
			name = Release;
		};
		04C689A01AA98CDA00B1C66B /* Debug */ = {
			isa = XCBuildConfiguration;
			buildSettings = {
				ASSETCATALOG_COMPILER_APPICON_NAME = AppIcon;
				INFOPLIST_FILE = "Traveling Thailand/Info.plist";
				LD_RUNPATH_SEARCH_PATHS = "$(inherited) @executable_path/Frameworks";
				PRODUCT_NAME = "$(TARGET_NAME)";
			};
			name = Debug;
		};
		04C689A11AA98CDA00B1C66B /* Release */ = {
			isa = XCBuildConfiguration;
			buildSettings = {
				ASSETCATALOG_COMPILER_APPICON_NAME = AppIcon;
				INFOPLIST_FILE = "Traveling Thailand/Info.plist";
				LD_RUNPATH_SEARCH_PATHS = "$(inherited) @executable_path/Frameworks";
				PRODUCT_NAME = "$(TARGET_NAME)";
			};
			name = Release;
		};
		04C689A31AA98CDA00B1C66B /* Debug */ = {
			isa = XCBuildConfiguration;
			buildSettings = {
				BUNDLE_LOADER = "$(TEST_HOST)";
				FRAMEWORK_SEARCH_PATHS = (
					"$(SDKROOT)/Developer/Library/Frameworks",
					"$(inherited)",
				);
				GCC_PREPROCESSOR_DEFINITIONS = (
					"DEBUG=1",
					"$(inherited)",
				);
				INFOPLIST_FILE = "Traveling ThailandTests/Info.plist";
				LD_RUNPATH_SEARCH_PATHS = "$(inherited) @executable_path/Frameworks @loader_path/Frameworks";
				PRODUCT_NAME = "$(TARGET_NAME)";
				TEST_HOST = "$(BUILT_PRODUCTS_DIR)/Traveling Thailand.app/Traveling Thailand";
			};
			name = Debug;
		};
		04C689A41AA98CDA00B1C66B /* Release */ = {
			isa = XCBuildConfiguration;
			buildSettings = {
				BUNDLE_LOADER = "$(TEST_HOST)";
				FRAMEWORK_SEARCH_PATHS = (
					"$(SDKROOT)/Developer/Library/Frameworks",
					"$(inherited)",
				);
				INFOPLIST_FILE = "Traveling ThailandTests/Info.plist";
				LD_RUNPATH_SEARCH_PATHS = "$(inherited) @executable_path/Frameworks @loader_path/Frameworks";
				PRODUCT_NAME = "$(TARGET_NAME)";
				TEST_HOST = "$(BUILT_PRODUCTS_DIR)/Traveling Thailand.app/Traveling Thailand";
			};
			name = Release;
		};
/* End XCBuildConfiguration section */

/* Begin XCConfigurationList section */
		04C6897B1AA98CDA00B1C66B /* Build configuration list for PBXProject "Traveling Thailand" */ = {
			isa = XCConfigurationList;
			buildConfigurations = (
				04C6899D1AA98CDA00B1C66B /* Debug */,
				04C6899E1AA98CDA00B1C66B /* Release */,
			);
			defaultConfigurationIsVisible = 0;
			defaultConfigurationName = Release;
		};
		04C6899F1AA98CDA00B1C66B /* Build configuration list for PBXNativeTarget "Traveling Thailand" */ = {
			isa = XCConfigurationList;
			buildConfigurations = (
				04C689A01AA98CDA00B1C66B /* Debug */,
				04C689A11AA98CDA00B1C66B /* Release */,
			);
			defaultConfigurationIsVisible = 0;
		};
		04C689A21AA98CDA00B1C66B /* Build configuration list for PBXNativeTarget "Traveling ThailandTests" */ = {
			isa = XCConfigurationList;
			buildConfigurations = (
				04C689A31AA98CDA00B1C66B /* Debug */,
				04C689A41AA98CDA00B1C66B /* Release */,
			);
			defaultConfigurationIsVisible = 0;
		};
/* End XCConfigurationList section */
	};
	rootObject = 04C689781AA98CDA00B1C66B /* Project object */;
}
